
Microsoft Visual Studio Solution File, Format Version 12.00
# Visual Studio 15
VisualStudioVersion = 15.0.27703.2035
MinimumVisualStudioVersion = 10.0.40219.1
Project("{9A19103F-16F7-4668-BE54-9A1E7A4F7556}") = "HMS.Web", "HMS.Web\HMS.Web.csproj", "{2CA31931-7976-46DE-8918-F49CAAB19EF9}"
EndProject
Project("{FAE04EC0-301F-11D3-BF4B-00C04F79EFBC}") = "HMS.Domin", "HMS.Manager\HMS.Domin.csproj", "{011616B7-5145-44EE-92AB-AA86229C8A4F}"
EndProject
Project("{FAE04EC0-301F-11D3-BF4B-00C04F79EFBC}") = "HMS.Application", "HMS\HMS.Application.csproj", "{3ECE5886-8F37-47F1-8423-E9C795B4CC05}"
EndProject
Project("{9A19103F-16F7-4668-BE54-9A1E7A4F7556}") = "HMS.EntityFramework", "HMS.EntityFramework\HMS.EntityFramework.csproj", "{B66819F6-32D3-40DD-B96F-86D690A1C4A7}"
EndProject
Global
	GlobalSection(SolutionConfigurationPlatforms) = preSolution
		Debug|Any CPU = Debug|Any CPU
		Release|Any CPU = Release|Any CPU
	EndGlobalSection
	GlobalSection(ProjectConfigurationPlatforms) = postSolution
		{2CA31931-7976-46DE-8918-F49CAAB19EF9}.Debug|Any CPU.ActiveCfg = Debug|Any CPU
		{2CA31931-7976-46DE-8918-F49CAAB19EF9}.Debug|Any CPU.Build.0 = Debug|Any CPU
		{2CA31931-7976-46DE-8918-F49CAAB19EF9}.Release|Any CPU.ActiveCfg = Release|Any CPU
		{2CA31931-7976-46DE-8918-F49CAAB19EF9}.Release|Any CPU.Build.0 = Release|Any CPU
		{011616B7-5145-44EE-92AB-AA86229C8A4F}.Debug|Any CPU.ActiveCfg = Debug|Any CPU
		{011616B7-5145-44EE-92AB-AA86229C8A4F}.Debug|Any CPU.Build.0 = Debug|Any CPU
		{011616B7-5145-44EE-92AB-AA86229C8A4F}.Release|Any CPU.ActiveCfg = Release|Any CPU
		{011616B7-5145-44EE-92AB-AA86229C8A4F}.Release|Any CPU.Build.0 = Release|Any CPU
		{3ECE5886-8F37-47F1-8423-E9C795B4CC05}.Debug|Any CPU.ActiveCfg = Debug|Any CPU
		{3ECE5886-8F37-47F1-8423-E9C795B4CC05}.Debug|Any CPU.Build.0 = Debug|Any CPU
		{3ECE5886-8F37-47F1-8423-E9C795B4CC05}.Release|Any CPU.ActiveCfg = Release|Any CPU
		{3ECE5886-8F37-47F1-8423-E9C795B4CC05}.Release|Any CPU.Build.0 = Release|Any CPU
		{B66819F6-32D3-40DD-B96F-86D690A1C4A7}.Debug|Any CPU.ActiveCfg = Debug|Any CPU
		{B66819F6-32D3-40DD-B96F-86D690A1C4A7}.Debug|Any CPU.Build.0 = Debug|Any CPU
		{B66819F6-32D3-40DD-B96F-86D690A1C4A7}.Release|Any CPU.ActiveCfg = Release|Any CPU
		{B66819F6-32D3-40DD-B96F-86D690A1C4A7}.Release|Any CPU.Build.0 = Release|Any CPU
	EndGlobalSection
	GlobalSection(SolutionProperties) = preSolution
		HideSolutionNode = FALSE
	EndGlobalSection
	GlobalSection(ExtensibilityGlobals) = postSolution
		SolutionGuid = {7423D229-D93F-41E4-B78C-ED78CC68946D}
	EndGlobalSection
EndGlobal
